{
  "name": "snmp-colect",
  "version": "1.0.0",
  "lockfileVersion": 1,
  "requires": true,
  "dependencies": {
    "asn1-ber": {
      "version": "1.0.9",
      "resolved": "https://registry.npmjs.org/asn1-ber/-/asn1-ber-1.0.9.tgz",
      "integrity": "sha512-XJP9p/wm5uW4KFLswZ9PmdUpLMRrbq28ak3XxLFWSkBtmJOSfiBrbrZyR6X24+lZvOA+usP6Gd5LyjRaJzMAEw=="
    },
    "async": {
      "version": "3.1.1",
      "resolved": "https://registry.npmjs.org/async/-/async-3.1.1.tgz",
      "integrity": "sha512-X5Dj8hK1pJNC2Wzo2Rcp9FBVdJMGRR/S7V+lH46s8GVFhtbo5O4Le5GECCF/8PISVdkUA6mMPvgz7qTTD1rf1g=="
    },
    "fs": {
      "version": "0.0.1-security",
      "resolved": "https://registry.npmjs.org/fs/-/fs-0.0.1-security.tgz",
      "integrity": "sha1-invTcYa23d84E/I4WLV+yq9eQdQ="
    },
    "minimist": {
      "version": "1.2.0",
      "resolved": "https://registry.npmjs.org/minimist/-/minimist-1.2.0.tgz",
      "integrity": "sha1-o1AIsg9BOD7sH7kU9M1d95omQoQ="
    },
    "net-snmp": {
      "version": "2.5.2",
      "resolved": "https://registry.npmjs.org/net-snmp/-/net-snmp-2.5.2.tgz",
      "integrity": "sha512-5GaDAx6grzdIBKp/n8z0LimD1aZcwA7MvEUOwNd81D5dGb3RI2LYJDeYUxv2LHOhOYkpu0d5vy/H4PUMTw6orw==",
      "requires": {
        "asn1-ber": "*"
      }
    },
    "readline": {
      "version": "1.3.0",
      "resolved": "https://registry.npmjs.org/readline/-/readline-1.3.0.tgz",
      "integrity": "sha1-xYDXfvLPyHUrEySYBg3JeTp6wBw="
    }
  }
}
